// !$*UTF8*$!
{
	archiveVersion = 1;
	classes = {
	};
	objectVersion = 50;
	objects = {

/* Begin PBXBuildFile section */
		400DA83E23E1E46C00BF9951 /* AppDelegate.swift in Sources */ = {isa = PBXBuildFile; fileRef = 400DA83D23E1E46C00BF9951 /* AppDelegate.swift */; };
		400DA84023E1E46C00BF9951 /* SceneDelegate.swift in Sources */ = {isa = PBXBuildFile; fileRef = 400DA83F23E1E46C00BF9951 /* SceneDelegate.swift */; };
		400DA84423E1E47000BF9951 /* Assets.xcassets in Resources */ = {isa = PBXBuildFile; fileRef = 400DA84323E1E47000BF9951 /* Assets.xcassets */; };
		400DA84723E1E47000BF9951 /* Preview Assets.xcassets in Resources */ = {isa = PBXBuildFile; fileRef = 400DA84623E1E47000BF9951 /* Preview Assets.xcassets */; };
		400DA84A23E1E47000BF9951 /* LaunchScreen.storyboard in Resources */ = {isa = PBXBuildFile; fileRef = 400DA84823E1E47000BF9951 /* LaunchScreen.storyboard */; };
		400DA85223E1E4A400BF9951 /* TodoList.swift in Sources */ = {isa = PBXBuildFile; fileRef = 400DA85123E1E4A400BF9951 /* TodoList.swift */; };
		400DA85423E1E55F00BF9951 /* Todo.swift in Sources */ = {isa = PBXBuildFile; fileRef = 400DA85323E1E55F00BF9951 /* Todo.swift */; };
		400FC74923E7E6770019C5A5 /* isBlank.swift in Sources */ = {isa = PBXBuildFile; fileRef = 400FC74823E7E6770019C5A5 /* isBlank.swift */; };
		40289C9923E7D14A001804EB /* AddTodo.swift in Sources */ = {isa = PBXBuildFile; fileRef = 40289C9823E7D14A001804EB /* AddTodo.swift */; };
		4091128A23E2FFB5001400F1 /* TodoCell.swift in Sources */ = {isa = PBXBuildFile; fileRef = 4091128923E2FFB5001400F1 /* TodoCell.swift */; };
		4091128C23E30578001400F1 /* UserData.swift in Sources */ = {isa = PBXBuildFile; fileRef = 4091128B23E30578001400F1 /* UserData.swift */; };
		4091128E23E30A5E001400F1 /* TodoDetail.swift in Sources */ = {isa = PBXBuildFile; fileRef = 4091128D23E30A5E001400F1 /* TodoDetail.swift */; };
		40C56EA123E813CC00DF8C52 /* DeleteTodo.swift in Sources */ = {isa = PBXBuildFile; fileRef = 40C56EA023E813CC00DF8C52 /* DeleteTodo.swift */; };
/* End PBXBuildFile section */

/* Begin PBXFileReference section */
		400DA83A23E1E46C00BF9951 /* TodoBySwiftUI.app */ = {isa = PBXFileReference; explicitFileType = wrapper.application; includeInIndex = 0; path = TodoBySwiftUI.app; sourceTree = BUILT_PRODUCTS_DIR; };
		400DA83D23E1E46C00BF9951 /* AppDelegate.swift */ = {isa = PBXFileReference; lastKnownFileType = sourcecode.swift; path = AppDelegate.swift; sourceTree = "<group>"; };
		400DA83F23E1E46C00BF9951 /* SceneDelegate.swift */ = {isa = PBXFileReference; lastKnownFileType = sourcecode.swift; path = SceneDelegate.swift; sourceTree = "<group>"; };
		400DA84323E1E47000BF9951 /* Assets.xcassets */ = {isa = PBXFileReference; lastKnownFileType = folder.assetcatalog; path = Assets.xcassets; sourceTree = "<group>"; };
		400DA84623E1E47000BF9951 /* Preview Assets.xcassets */ = {isa = PBXFileReference; lastKnownFileType = folder.assetcatalog; path = "Preview Assets.xcassets"; sourceTree = "<group>"; };
		400DA84923E1E47000BF9951 /* Base */ = {isa = PBXFileReference; lastKnownFileType = file.storyboard; name = Base; path = Base.lproj/LaunchScreen.storyboard; sourceTree = "<group>"; };
		400DA84B23E1E47000BF9951 /* Info.plist */ = {isa = PBXFileReference; lastKnownFileType = text.plist.xml; path = Info.plist; sourceTree = "<group>"; };
		400DA85123E1E4A400BF9951 /* TodoList.swift */ = {isa = PBXFileReference; lastKnownFileType = sourcecode.swift; path = TodoList.swift; sourceTree = "<group>"; };
		400DA85323E1E55F00BF9951 /* Todo.swift */ = {isa = PBXFileReference; lastKnownFileType = sourcecode.swift; path = Todo.swift; sourceTree = "<group>"; };
		400FC74823E7E6770019C5A5 /* isBlank.swift */ = {isa = PBXFileReference; lastKnownFileType = sourcecode.swift; path = isBlank.swift; sourceTree = "<group>"; };
		40289C9823E7D14A001804EB /* AddTodo.swift */ = {isa = PBXFileReference; lastKnownFileType = sourcecode.swift; path = AddTodo.swift; sourceTree = "<group>"; };
		4091128923E2FFB5001400F1 /* TodoCell.swift */ = {isa = PBXFileReference; lastKnownFileType = sourcecode.swift; path = TodoCell.swift; sourceTree = "<group>"; };
		4091128B23E30578001400F1 /* UserData.swift */ = {isa = PBXFileReference; lastKnownFileType = sourcecode.swift; path = UserData.swift; sourceTree = "<group>"; };
		4091128D23E30A5E001400F1 /* TodoDetail.swift */ = {isa = PBXFileReference; lastKnownFileType = sourcecode.swift; path = TodoDetail.swift; sourceTree = "<group>"; };
		40C56EA023E813CC00DF8C52 /* DeleteTodo.swift */ = {isa = PBXFileReference; lastKnownFileType = sourcecode.swift; path = DeleteTodo.swift; sourceTree = "<group>"; };
/* End PBXFileReference section */

/* Begin PBXFrameworksBuildPhase section */
		400DA83723E1E46C00BF9951 /* Frameworks */ = {
			isa = PBXFrameworksBuildPhase;
			buildActionMask = 2147483647;
			files = (
			);
			runOnlyForDeploymentPostprocessing = 0;
		};
/* End PBXFrameworksBuildPhase section */

/* Begin PBXGroup section */
		400DA83123E1E46C00BF9951 = {
			isa = PBXGroup;
			children = (
				400DA83C23E1E46C00BF9951 /* TodoBySwiftUI */,
				400DA83B23E1E46C00BF9951 /* Products */,
			);
			sourceTree = "<group>";
		};
		400DA83B23E1E46C00BF9951 /* Products */ = {
			isa = PBXGroup;
			children = (
				400DA83A23E1E46C00BF9951 /* TodoBySwiftUI.app */,
			);
			name = Products;
			sourceTree = "<group>";
		};
		400DA83C23E1E46C00BF9951 /* TodoBySwiftUI */ = {
			isa = PBXGroup;
			children = (
				400DA83D23E1E46C00BF9951 /* AppDelegate.swift */,
				400DA83F23E1E46C00BF9951 /* SceneDelegate.swift */,
				4091128923E2FFB5001400F1 /* TodoCell.swift */,
				40289C9723E740B3001804EB /* Model */,
				400DA85123E1E4A400BF9951 /* TodoList.swift */,
				4091128D23E30A5E001400F1 /* TodoDetail.swift */,
				40C56EA023E813CC00DF8C52 /* DeleteTodo.swift */,
				40289C9823E7D14A001804EB /* AddTodo.swift */,
				400DA84323E1E47000BF9951 /* Assets.xcassets */,
				400DA84823E1E47000BF9951 /* LaunchScreen.storyboard */,
				400DA84B23E1E47000BF9951 /* Info.plist */,
				400DA84523E1E47000BF9951 /* Preview Content */,
				400FC74723E7E6150019C5A5 /* Support File */,
			);
			path = TodoBySwiftUI;
			sourceTree = "<group>";
		};
		400DA84523E1E47000BF9951 /* Preview Content */ = {
			isa = PBXGroup;
			children = (
				400DA84623E1E47000BF9951 /* Preview Assets.xcassets */,
			);
			path = "Preview Content";
			sourceTree = "<group>";
		};
		400FC74723E7E6150019C5A5 /* Support File */ = {
			isa = PBXGroup;
			children = (
				400FC74823E7E6770019C5A5 /* isBlank.swift */,
			);
			name = "Support File";
			sourceTree = "<group>";
		};
		40289C9723E740B3001804EB /* Model */ = {
			isa = PBXGroup;
			children = (
				400DA85323E1E55F00BF9951 /* Todo.swift */,
				4091128B23E30578001400F1 /* UserData.swift */,
			);
			name = Model;
			sourceTree = "<group>";
		};
/* End PBXGroup section */

/* Begin PBXNativeTarget section */
		400DA83923E1E46C00BF9951 /* TodoBySwiftUI */ = {
			isa = PBXNativeTarget;
			buildConfigurationList = 400DA84E23E1E47000BF9951 /* Build configuration list for PBXNativeTarget "TodoBySwiftUI" */;
			buildPhases = (
				400DA83623E1E46C00BF9951 /* Sources */,
				400DA83723E1E46C00BF9951 /* Frameworks */,
				400DA83823E1E46C00BF9951 /* Resources */,
			);
			buildRules = (
			);
			dependencies = (
			);
			name = TodoBySwiftUI;
			productName = TodoBySwiftUI;
			productReference = 400DA83A23E1E46C00BF9951 /* TodoBySwiftUI.app */;
			productType = "com.apple.product-type.application";
		};
/* End PBXNativeTarget section */

/* Begin PBXProject section */
		400DA83223E1E46C00BF9951 /* Project object */ = {
			isa = PBXProject;
			attributes = {
				LastSwiftUpdateCheck = 1130;
				LastUpgradeCheck = 1130;
				ORGANIZATIONNAME = "Jiehao Zhang";
				TargetAttributes = {
					400DA83923E1E46C00BF9951 = {
						CreatedOnToolsVersion = 11.3.1;
					};
				};
			};
			buildConfigurationList = 400DA83523E1E46C00BF9951 /* Build configuration list for PBXProject "TodoBySwiftUI" */;
			compatibilityVersion = "Xcode 9.3";
			developmentRegion = en;
			hasScannedForEncodings = 0;
			knownRegions = (
				en,
				Base,
			);
			mainGroup = 400DA83123E1E46C00BF9951;
			productRefGroup = 400DA83B23E1E46C00BF9951 /* Products */;
			projectDirPath = "";
			projectRoot = "";
			targets = (
				400DA83923E1E46C00BF9951 /* TodoBySwiftUI */,
			);
		};
/* End PBXProject section */

/* Begin PBXResourcesBuildPhase section */
		400DA83823E1E46C00BF9951 /* Resources */ = {
			isa = PBXResourcesBuildPhase;
			buildActionMask = 2147483647;
			files = (
				400DA84A23E1E47000BF9951 /* LaunchScreen.storyboard in Resources */,
				400DA84723E1E47000BF9951 /* Preview Assets.xcassets in Resources */,
				400DA84423E1E47000BF9951 /* Assets.xcassets in Resources */,
			);
			runOnlyForDeploymentPostprocessing = 0;
		};
/* End PBXResourcesBuildPhase section */

/* Begin PBXSourcesBuildPhase section */
		400DA83623E1E46C00BF9951 /* Sources */ = {
			isa = PBXSourcesBuildPhase;
			buildActionMask = 2147483647;
			files = (
				40C56EA123E813CC00DF8C52 /* DeleteTodo.swift in Sources */,
				4091128C23E30578001400F1 /* UserData.swift in Sources */,
				400DA83E23E1E46C00BF9951 /* AppDelegate.swift in Sources */,
				400DA84023E1E46C00BF9951 /* SceneDelegate.swift in Sources */,
				400DA85223E1E4A400BF9951 /* TodoList.swift in Sources */,
				400FC74923E7E6770019C5A5 /* isBlank.swift in Sources */,
				4091128A23E2FFB5001400F1 /* TodoCell.swift in Sources */,
				4091128E23E30A5E001400F1 /* TodoDetail.swift in Sources */,
				400DA85423E1E55F00BF9951 /* Todo.swift in Sources */,
				40289C9923E7D14A001804EB /* AddTodo.swift in Sources */,
			);
			runOnlyForDeploymentPostprocessing = 0;
		};
/* End PBXSourcesBuildPhase section */

/* Begin PBXVariantGroup section */
		400DA84823E1E47000BF9951 /* LaunchScreen.storyboard */ = {
			isa = PBXVariantGroup;
			children = (
				400DA84923E1E47000BF9951 /* Base */,
			);
			name = LaunchScreen.storyboard;
			sourceTree = "<group>";
		};
/* End PBXVariantGroup section */

/* Begin XCBuildConfiguration section */
		400DA84C23E1E47000BF9951 /* Debug */ = {
			isa = XCBuildConfiguration;
			buildSettings = {
				ALWAYS_SEARCH_USER_PATHS = NO;
				CLANG_ANALYZER_NONNULL = YES;
				CLANG_ANALYZER_NUMBER_OBJECT_CONVERSION = YES_AGGRESSIVE;
				CLANG_CXX_LANGUAGE_STANDARD = "gnu++14";
				CLANG_CXX_LIBRARY = "libc++";
				CLANG_ENABLE_MODULES = YES;
				CLANG_ENABLE_OBJC_ARC = YES;
				CLANG_ENABLE_OBJC_WEAK = YES;
				CLANG_WARN_BLOCK_CAPTURE_AUTORELEASING = YES;
				CLANG_WARN_BOOL_CONVERSION = YES;
				CLANG_WARN_COMMA = YES;
				CLANG_WARN_CONSTANT_CONVERSION = YES;
				CLANG_WARN_DEPRECATED_OBJC_IMPLEMENTATIONS = YES;
				CLANG_WARN_DIRECT_OBJC_ISA_USAGE = YES_ERROR;
				CLANG_WARN_DOCUMENTATION_COMMENTS = YES;
				CLANG_WARN_EMPTY_BODY = YES;
				CLANG_WARN_ENUM_CONVERSION = YES;
				CLANG_WARN_INFINITE_RECURSION = YES;
				CLANG_WARN_INT_CONVERSION = YES;
				CLANG_WARN_NON_LITERAL_NULL_CONVERSION = YES;
				CLANG_WARN_OBJC_IMPLICIT_RETAIN_SELF = YES;
				CLANG_WARN_OBJC_LITERAL_CONVERSION = YES;
				CLANG_WARN_OBJC_ROOT_CLASS = YES_ERROR;
				CLANG_WARN_RANGE_LOOP_ANALYSIS = YES;
				CLANG_WARN_STRICT_PROTOTYPES = YES;
				CLANG_WARN_SUSPICIOUS_MOVE = YES;
				CLANG_WARN_UNGUARDED_AVAILABILITY = YES_AGGRESSIVE;
				CLANG_WARN_UNREACHABLE_CODE = YES;
				CLANG_WARN__DUPLICATE_METHOD_MATCH = YES;
				COPY_PHASE_STRIP = NO;
				DEBUG_INFORMATION_FORMAT = dwarf;
				ENABLE_STRICT_OBJC_MSGSEND = YES;
				ENABLE_TESTABILITY = YES;
				GCC_C_LANGUAGE_STANDARD = gnu11;
				GCC_DYNAMIC_NO_PIC = NO;
				GCC_NO_COMMON_BLOCKS = YES;
				GCC_OPTIMIZATION_LEVEL = 0;
				GCC_PREPROCESSOR_DEFINITIONS = (
					"DEBUG=1",
					"$(inherited)",
				);
				GCC_WARN_64_TO_32_BIT_CONVERSION = YES;
				GCC_WARN_ABOUT_RETURN_TYPE = YES_ERROR;
				GCC_WARN_UNDECLARED_SELECTOR = YES;
				GCC_WARN_UNINITIALIZED_AUTOS = YES_AGGRESSIVE;
				GCC_WARN_UNUSED_FUNCTION = YES;
				GCC_WARN_UNUSED_VARIABLE = YES;
				IPHONEOS_DEPLOYMENT_TARGET = 13.2;
				MTL_ENABLE_DEBUG_INFO = INCLUDE_SOURCE;
				MTL_FAST_MATH = YES;
				ONLY_ACTIVE_ARCH = YES;
				SDKROOT = iphoneos;
				SWIFT_ACTIVE_COMPILATION_CONDITIONS = DEBUG;
				SWIFT_OPTIMIZATION_LEVEL = "-Onone";
			};
			name = Debug;
		};
		400DA84D23E1E47000BF9951 /* Release */ = {
			isa = XCBuildConfiguration;
			buildSettings = {
				ALWAYS_SEARCH_USER_PATHS = NO;
				CLANG_ANALYZER_NONNULL = YES;
				CLANG_ANALYZER_NUMBER_OBJECT_CONVERSION = YES_AGGRESSIVE;
				CLANG_CXX_LANGUAGE_STANDARD = "gnu++14";
				CLANG_CXX_LIBRARY = "libc++";
				CLANG_ENABLE_MODULES = YES;
				CLANG_ENABLE_OBJC_ARC = YES;
				CLANG_ENABLE_OBJC_WEAK = YES;
				CLANG_WARN_BLOCK_CAPTURE_AUTORELEASING = YES;
				CLANG_WARN_BOOL_CONVERSION = YES;
				CLANG_WARN_COMMA = YES;
				CLANG_WARN_CONSTANT_CONVERSION = YES;
				CLANG_WARN_DEPRECATED_OBJC_IMPLEMENTATIONS = YES;
				CLANG_WARN_DIRECT_OBJC_ISA_USAGE = YES_ERROR;
				CLANG_WARN_DOCUMENTATION_COMMENTS = YES;
				CLANG_WARN_EMPTY_BODY = YES;
				CLANG_WARN_ENUM_CONVERSION = YES;
				CLANG_WARN_INFINITE_RECURSION = YES;
				CLANG_WARN_INT_CONVERSION = YES;
				CLANG_WARN_NON_LITERAL_NULL_CONVERSION = YES;
				CLANG_WARN_OBJC_IMPLICIT_RETAIN_SELF = YES;
				CLANG_WARN_OBJC_LITERAL_CONVERSION = YES;
				CLANG_WARN_OBJC_ROOT_CLASS = YES_ERROR;
				CLANG_WARN_RANGE_LOOP_ANALYSIS = YES;
				CLANG_WARN_STRICT_PROTOTYPES = YES;
				CLANG_WARN_SUSPICIOUS_MOVE = YES;
				CLANG_WARN_UNGUARDED_AVAILABILITY = YES_AGGRESSIVE;
				CLANG_WARN_UNREACHABLE_CODE = YES;
				CLANG_WARN__DUPLICATE_METHOD_MATCH = YES;
				COPY_PHASE_STRIP = NO;
				DEBUG_INFORMATION_FORMAT = "dwarf-with-dsym";
				ENABLE_NS_ASSERTIONS = NO;
				ENABLE_STRICT_OBJC_MSGSEND = YES;
				GCC_C_LANGUAGE_STANDARD = gnu11;
				GCC_NO_COMMON_BLOCKS = YES;
				GCC_WARN_64_TO_32_BIT_CONVERSION = YES;
				GCC_WARN_ABOUT_RETURN_TYPE = YES_ERROR;
				GCC_WARN_UNDECLARED_SELECTOR = YES;
				GCC_WARN_UNINITIALIZED_AUTOS = YES_AGGRESSIVE;
				GCC_WARN_UNUSED_FUNCTION = YES;
				GCC_WARN_UNUSED_VARIABLE = YES;
				IPHONEOS_DEPLOYMENT_TARGET = 13.2;
				MTL_ENABLE_DEBUG_INFO = NO;
				MTL_FAST_MATH = YES;
				SDKROOT = iphoneos;
				SWIFT_COMPILATION_MODE = wholemodule;
				SWIFT_OPTIMIZATION_LEVEL = "-O";
				VALIDATE_PRODUCT = YES;
			};
			name = Release;
		};
		400DA84F23E1E47000BF9951 /* Debug */ = {
			isa = XCBuildConfiguration;
			buildSettings = {
				ASSETCATALOG_COMPILER_APPICON_NAME = AppIcon;
				CODE_SIGN_STYLE = Automatic;
				DEVELOPMENT_ASSET_PATHS = "\"TodoBySwiftUI/Preview Content\"";
				DEVELOPMENT_TEAM = DVKY3N289Q;
				ENABLE_PREVIEWS = YES;
				INFOPLIST_FILE = TodoBySwiftUI/Info.plist;
				LD_RUNPATH_SEARCH_PATHS = (
					"$(inherited)",
					"@executable_path/Frameworks",
				);
				PRODUCT_BUNDLE_IDENTIFIER = sicnu.TodoBySwiftUI;
				PRODUCT_NAME = "$(TARGET_NAME)";
				SWIFT_VERSION = 5.0;
				TARGETED_DEVICE_FAMILY = "1,2";
			};
			name = Debug;
		};
		400DA85023E1E47000BF9951 /* Release */ = {
			isa = XCBuildConfiguration;
			buildSettings = {
				ASSETCATALOG_COMPILER_APPICON_NAME = AppIcon;
				CODE_SIGN_STYLE = Automatic;
				DEVELOPMENT_ASSET_PATHS = "\"TodoBySwiftUI/Preview Content\"";
				DEVELOPMENT_TEAM = DVKY3N289Q;
				ENABLE_PREVIEWS = YES;
				INFOPLIST_FILE = TodoBySwiftUI/Info.plist;
				LD_RUNPATH_SEARCH_PATHS = (
					"$(inherited)",
					"@executable_path/Frameworks",
				);
				PRODUCT_BUNDLE_IDENTIFIER = sicnu.TodoBySwiftUI;
				PRODUCT_NAME = "$(TARGET_NAME)";
				SWIFT_VERSION = 5.0;
				TARGETED_DEVICE_FAMILY = "1,2";
			};
			name = Release;
		};
/* End XCBuildConfiguration section */

/* Begin XCConfigurationList section */
		400DA83523E1E46C00BF9951 /* Build configuration list for PBXProject "TodoBySwiftUI" */ = {
			isa = XCConfigurationList;
			buildConfigurations = (
				400DA84C23E1E47000BF9951 /* Debug */,
				400DA84D23E1E47000BF9951 /* Release */,
			);
			defaultConfigurationIsVisible = 0;
			defaultConfigurationName = Release;
		};
		400DA84E23E1E47000BF9951 /* Build configuration list for PBXNativeTarget "TodoBySwiftUI" */ = {
			isa = XCConfigurationList;
			buildConfigurations = (
				400DA84F23E1E47000BF9951 /* Debug */,
				400DA85023E1E47000BF9951 /* Release */,
			);
			defaultConfigurationIsVisible = 0;
			defaultConfigurationName = Release;
		};
/* End XCConfigurationList section */
	};
	rootObject = 400DA83223E1E46C00BF9951 /* Project object */;
}
